
Microsoft Visual Studio Solution File, Format Version 12.00
# Visual Studio 2017
Project("{FAE04EC0-301F-11D3-BF4B-00C04F79EFBC}") = "ChristianLaraMonsters", "ChristianLaraMonsters.csproj", "{8886E522-8DBF-D792-7888-7E666A40736E}"
EndProject
Global
	GlobalSection(SolutionConfigurationPlatforms) = preSolution
		Debug|Any CPU = Debug|Any CPU
		Release|Any CPU = Release|Any CPU
	EndGlobalSection
	GlobalSection(ProjectConfigurationPlatforms) = postSolution
		{8886E522-8DBF-D792-7888-7E666A40736E}.Debug|Any CPU.ActiveCfg = Debug|Any CPU
		{8886E522-8DBF-D792-7888-7E666A40736E}.Debug|Any CPU.Build.0 = Debug|Any CPU
		{8886E522-8DBF-D792-7888-7E666A40736E}.Release|Any CPU.ActiveCfg = Release|Any CPU
		{8886E522-8DBF-D792-7888-7E666A40736E}.Release|Any CPU.Build.0 = Release|Any CPU
	EndGlobalSection
	GlobalSection(SolutionProperties) = preSolution
		HideSolutionNode = FALSE
	EndGlobalSection
EndGlobal
